
Microsoft Visual Studio Solution File, Format Version 12.00
# Visual Studio Version 17
VisualStudioVersion = 17.1.32407.343
MinimumVisualStudioVersion = 10.0.40219.1
Project("{FAE04EC0-301F-11D3-BF4B-00C04F79EFBC}") = "CacheDemo", "CacheDemo\CacheDemo.csproj", "{CE6629F3-4D0E-4480-821D-CF61339BB309}"
EndProject
Global
	GlobalSection(SolutionConfigurationPlatforms) = preSolution
		Debug|Any CPU = Debug|Any CPU
		Release|Any CPU = Release|Any CPU
	EndGlobalSection
	GlobalSection(ProjectConfigurationPlatforms) = postSolution
		{CE6629F3-4D0E-4480-821D-CF61339BB309}.Debug|Any CPU.ActiveCfg = Debug|Any CPU
		{CE6629F3-4D0E-4480-821D-CF61339BB309}.Debug|Any CPU.Build.0 = Debug|Any CPU
		{CE6629F3-4D0E-4480-821D-CF61339BB309}.Release|Any CPU.ActiveCfg = Release|Any CPU
		{CE6629F3-4D0E-4480-821D-CF61339BB309}.Release|Any CPU.Build.0 = Release|Any CPU
	EndGlobalSection
	GlobalSection(SolutionProperties) = preSolution
		HideSolutionNode = FALSE
	EndGlobalSection
	GlobalSection(ExtensibilityGlobals) = postSolution
		SolutionGuid = {565D6425-7422-43E0-B579-B55834F41320}
	EndGlobalSection
EndGlobal
